{
  "name": "sublinks-job-seeder",
  "version": "1.0.0",
  "lockfileVersion": 3,
  "requires": true,
  "packages": {
    "": {
      "name": "sublinks-job-seeder",
      "version": "1.0.0",
      "dependencies": {
        "sublinks-js-client": "^0.0.18"
      }
    },
    "node_modules/sublinks-js-client": {
      "version": "0.0.18",
      "resolved": "https://registry.npmjs.org/sublinks-js-client/-/sublinks-js-client-0.0.18.tgz",
      "integrity": "sha512-Fvo4x3L9Wxss8HgKUcZOCwUMuuO98pPLQIQiSrmoIzsFmVIAeGpVwrRDWZfyGleD9gzPf5tsc+PCego8BFgAtg=="
    }
  }
}
