{
  "name": "sublinks-job-seeder",
  "version": "1.0.0",
  "lockfileVersion": 3,
  "requires": true,
  "packages": {
    "": {
      "name": "sublinks-job-seeder",
      "version": "1.0.0",
      "dependencies": {
        "sublinks-js-client": "^0.0.17"
      }
    },
    "node_modules/sublinks-js-client": {
      "version": "0.0.17",
      "resolved": "https://registry.npmjs.org/sublinks-js-client/-/sublinks-js-client-0.0.17.tgz",
      "integrity": "sha512-OPfvvqdDWD/CGO12bdBcEHUGTIj7Taqu3aV4gOpd9kjV7i/xjoRKLtxyHj/wGfkKIWlwBwOygtOMScIem86r1Q=="
    }
  }
}
