{
  "name": "sublinks-job-seeder",
  "version": "1.0.0",
  "lockfileVersion": 3,
  "requires": true,
  "packages": {
    "": {
      "name": "sublinks-job-seeder",
      "version": "1.0.0",
      "dependencies": {
        "sublinks-js-client": "^0.0.15"
      }
    },
    "node_modules/sublinks-js-client": {
      "version": "0.0.15",
      "resolved": "https://registry.npmjs.org/sublinks-js-client/-/sublinks-js-client-0.0.15.tgz",
      "integrity": "sha512-oJzllfgDLGwZrIYOvVWgRnnGT2aAFqoXYkYbfo4OT0Y1ElxyUsFyAH3KFwYRFoJ4oPs6VeLfIepjMXfYN5y5Uw=="
    }
  }
}
